
Microsoft Visual Studio Solution File, Format Version 12.00
# Visual Studio 15
VisualStudioVersion = 15.0.27004.2006
MinimumVisualStudioVersion = 10.0.40219.1
Project("{FAE04EC0-301F-11D3-BF4B-00C04F79EFBC}") = "Fractions", "Fractions\Fractions.csproj", "{8AB1CFF1-B84A-4E76-AB51-14BD7296EA4D}"
EndProject
Project("{FAE04EC0-301F-11D3-BF4B-00C04F79EFBC}") = "Fractoin Tests", "Fractoin Tests\Fractoin Tests.csproj", "{8AB1B586-6579-4747-80F5-54C6B5A2D232}"
EndProject
Global
	GlobalSection(SolutionConfigurationPlatforms) = preSolution
		Debug|Any CPU = Debug|Any CPU
		Release|Any CPU = Release|Any CPU
	EndGlobalSection
	GlobalSection(ProjectConfigurationPlatforms) = postSolution
		{8AB1CFF1-B84A-4E76-AB51-14BD7296EA4D}.Debug|Any CPU.ActiveCfg = Debug|Any CPU
		{8AB1CFF1-B84A-4E76-AB51-14BD7296EA4D}.Debug|Any CPU.Build.0 = Debug|Any CPU
		{8AB1CFF1-B84A-4E76-AB51-14BD7296EA4D}.Release|Any CPU.ActiveCfg = Release|Any CPU
		{8AB1CFF1-B84A-4E76-AB51-14BD7296EA4D}.Release|Any CPU.Build.0 = Release|Any CPU
		{8AB1B586-6579-4747-80F5-54C6B5A2D232}.Debug|Any CPU.ActiveCfg = Debug|Any CPU
		{8AB1B586-6579-4747-80F5-54C6B5A2D232}.Debug|Any CPU.Build.0 = Debug|Any CPU
		{8AB1B586-6579-4747-80F5-54C6B5A2D232}.Release|Any CPU.ActiveCfg = Release|Any CPU
		{8AB1B586-6579-4747-80F5-54C6B5A2D232}.Release|Any CPU.Build.0 = Release|Any CPU
	EndGlobalSection
	GlobalSection(SolutionProperties) = preSolution
		HideSolutionNode = FALSE
	EndGlobalSection
	GlobalSection(ExtensibilityGlobals) = postSolution
		SolutionGuid = {2171CC53-FC6D-4D9D-85DE-BE1E2E09695D}
	EndGlobalSection
EndGlobal
